// !$*UTF8*$!
{
	archiveVersion = 1;
	classes = {
	};
	objectVersion = 50;
	objects = {

/* Begin PBXBuildFile section */
		612DBB03214F3FB800FC1771 /* AppDelegate.swift in Sources */ = {isa = PBXBuildFile; fileRef = 612DBB02214F3FB800FC1771 /* AppDelegate.swift */; };
		612DBB05214F3FB800FC1771 /* ViewController.swift in Sources */ = {isa = PBXBuildFile; fileRef = 612DBB04214F3FB800FC1771 /* ViewController.swift */; };
		612DBB08214F3FB800FC1771 /* Main.storyboard in Resources */ = {isa = PBXBuildFile; fileRef = 612DBB06214F3FB800FC1771 /* Main.storyboard */; };
		612DBB0A214F3FBD00FC1771 /* Assets.xcassets in Resources */ = {isa = PBXBuildFile; fileRef = 612DBB09214F3FBD00FC1771 /* Assets.xcassets */; };
		612DBB0D214F3FBD00FC1771 /* LaunchScreen.storyboard in Resources */ = {isa = PBXBuildFile; fileRef = 612DBB0B214F3FBD00FC1771 /* LaunchScreen.storyboard */; };
		612DBB15214F480400FC1771 /* NameAndColorCell.swift in Sources */ = {isa = PBXBuildFile; fileRef = 612DBB14214F480400FC1771 /* NameAndColorCell.swift */; };
		612DBB17214F56FA00FC1771 /* NameAndColorCell.xib in Resources */ = {isa = PBXBuildFile; fileRef = 612DBB16214F56FA00FC1771 /* NameAndColorCell.xib */; };
/* End PBXBuildFile section */

/* Begin PBXFileReference section */
		612DBAFF214F3FB800FC1771 /* TableCells.app */ = {isa = PBXFileReference; explicitFileType = wrapper.application; includeInIndex = 0; path = TableCells.app; sourceTree = BUILT_PRODUCTS_DIR; };
		612DBB02214F3FB800FC1771 /* AppDelegate.swift */ = {isa = PBXFileReference; lastKnownFileType = sourcecode.swift; path = AppDelegate.swift; sourceTree = "<group>"; };
		612DBB04214F3FB800FC1771 /* ViewController.swift */ = {isa = PBXFileReference; lastKnownFileType = sourcecode.swift; path = ViewController.swift; sourceTree = "<group>"; };
		612DBB07214F3FB800FC1771 /* Base */ = {isa = PBXFileReference; lastKnownFileType = file.storyboard; name = Base; path = Base.lproj/Main.storyboard; sourceTree = "<group>"; };
		612DBB09214F3FBD00FC1771 /* Assets.xcassets */ = {isa = PBXFileReference; lastKnownFileType = folder.assetcatalog; path = Assets.xcassets; sourceTree = "<group>"; };
		612DBB0C214F3FBD00FC1771 /* Base */ = {isa = PBXFileReference; lastKnownFileType = file.storyboard; name = Base; path = Base.lproj/LaunchScreen.storyboard; sourceTree = "<group>"; };
		612DBB0E214F3FBD00FC1771 /* Info.plist */ = {isa = PBXFileReference; lastKnownFileType = text.plist.xml; path = Info.plist; sourceTree = "<group>"; };
		612DBB14214F480400FC1771 /* NameAndColorCell.swift */ = {isa = PBXFileReference; lastKnownFileType = sourcecode.swift; path = NameAndColorCell.swift; sourceTree = "<group>"; };
		612DBB16214F56FA00FC1771 /* NameAndColorCell.xib */ = {isa = PBXFileReference; lastKnownFileType = file.xib; path = NameAndColorCell.xib; sourceTree = "<group>"; };
/* End PBXFileReference section */

/* Begin PBXFrameworksBuildPhase section */
		612DBAFC214F3FB800FC1771 /* Frameworks */ = {
			isa = PBXFrameworksBuildPhase;
			buildActionMask = 2147483647;
			files = (
			);
			runOnlyForDeploymentPostprocessing = 0;
		};
/* End PBXFrameworksBuildPhase section */

/* Begin PBXGroup section */
		612DBAF6214F3FB800FC1771 = {
			isa = PBXGroup;
			children = (
				612DBB01214F3FB800FC1771 /* TableCells */,
				612DBB00214F3FB800FC1771 /* Products */,
			);
			sourceTree = "<group>";
		};
		612DBB00214F3FB800FC1771 /* Products */ = {
			isa = PBXGroup;
			children = (
				612DBAFF214F3FB800FC1771 /* TableCells.app */,
			);
			name = Products;
			sourceTree = "<group>";
		};
		612DBB01214F3FB800FC1771 /* TableCells */ = {
			isa = PBXGroup;
			children = (
				612DBB02214F3FB800FC1771 /* AppDelegate.swift */,
				612DBB04214F3FB800FC1771 /* ViewController.swift */,
				612DBB06214F3FB800FC1771 /* Main.storyboard */,
				612DBB14214F480400FC1771 /* NameAndColorCell.swift */,
				612DBB16214F56FA00FC1771 /* NameAndColorCell.xib */,
				612DBB09214F3FBD00FC1771 /* Assets.xcassets */,
				612DBB0B214F3FBD00FC1771 /* LaunchScreen.storyboard */,
				612DBB0E214F3FBD00FC1771 /* Info.plist */,
			);
			path = TableCells;
			sourceTree = "<group>";
		};
/* End PBXGroup section */

/* Begin PBXNativeTarget section */
		612DBAFE214F3FB800FC1771 /* TableCells */ = {
			isa = PBXNativeTarget;
			buildConfigurationList = 612DBB11214F3FBD00FC1771 /* Build configuration list for PBXNativeTarget "TableCells" */;
			buildPhases = (
				612DBAFB214F3FB800FC1771 /* Sources */,
				612DBAFC214F3FB800FC1771 /* Frameworks */,
				612DBAFD214F3FB800FC1771 /* Resources */,
			);
			buildRules = (
			);
			dependencies = (
			);
			name = TableCells;
			productName = TableCells;
			productReference = 612DBAFF214F3FB800FC1771 /* TableCells.app */;
			productType = "com.apple.product-type.application";
		};
/* End PBXNativeTarget section */

/* Begin PBXProject section */
		612DBAF7214F3FB800FC1771 /* Project object */ = {
			isa = PBXProject;
			attributes = {
				LastSwiftUpdateCheck = 0940;
				LastUpgradeCheck = 0940;
				ORGANIZATIONNAME = Apress;
				TargetAttributes = {
					612DBAFE214F3FB800FC1771 = {
						CreatedOnToolsVersion = 9.4.1;
					};
				};
			};
			buildConfigurationList = 612DBAFA214F3FB800FC1771 /* Build configuration list for PBXProject "TableCells" */;
			compatibilityVersion = "Xcode 9.3";
			developmentRegion = en;
			hasScannedForEncodings = 0;
			knownRegions = (
				en,
				Base,
			);
			mainGroup = 612DBAF6214F3FB800FC1771;
			productRefGroup = 612DBB00214F3FB800FC1771 /* Products */;
			projectDirPath = "";
			projectRoot = "";
			targets = (
				612DBAFE214F3FB800FC1771 /* TableCells */,
			);
		};
/* End PBXProject section */

/* Begin PBXResourcesBuildPhase section */
		612DBAFD214F3FB800FC1771 /* Resources */ = {
			isa = PBXResourcesBuildPhase;
			buildActionMask = 2147483647;
			files = (
				612DBB17214F56FA00FC1771 /* NameAndColorCell.xib in Resources */,
				612DBB0D214F3FBD00FC1771 /* LaunchScreen.storyboard in Resources */,
				612DBB0A214F3FBD00FC1771 /* Assets.xcassets in Resources */,
				612DBB08214F3FB800FC1771 /* Main.storyboard in Resources */,
			);
			runOnlyForDeploymentPostprocessing = 0;
		};
/* End PBXResourcesBuildPhase section */

/* Begin PBXSourcesBuildPhase section */
		612DBAFB214F3FB800FC1771 /* Sources */ = {
			isa = PBXSourcesBuildPhase;
			buildActionMask = 2147483647;
			files = (
				612DBB15214F480400FC1771 /* NameAndColorCell.swift in Sources */,
				612DBB05214F3FB800FC1771 /* ViewController.swift in Sources */,
				612DBB03214F3FB800FC1771 /* AppDelegate.swift in Sources */,
			);
			runOnlyForDeploymentPostprocessing = 0;
		};
/* End PBXSourcesBuildPhase section */

/* Begin PBXVariantGroup section */
		612DBB06214F3FB800FC1771 /* Main.storyboard */ = {
			isa = PBXVariantGroup;
			children = (
				612DBB07214F3FB800FC1771 /* Base */,
			);
			name = Main.storyboard;
			sourceTree = "<group>";
		};
		612DBB0B214F3FBD00FC1771 /* LaunchScreen.storyboard */ = {
			isa = PBXVariantGroup;
			children = (
				612DBB0C214F3FBD00FC1771 /* Base */,
			);
			name = LaunchScreen.storyboard;
			sourceTree = "<group>";
		};
/* End PBXVariantGroup section */

/* Begin XCBuildConfiguration section */
		612DBB0F214F3FBD00FC1771 /* Debug */ = {
			isa = XCBuildConfiguration;
			buildSettings = {
				ALWAYS_SEARCH_USER_PATHS = NO;
				CLANG_ANALYZER_NONNULL = YES;
				CLANG_ANALYZER_NUMBER_OBJECT_CONVERSION = YES_AGGRESSIVE;
				CLANG_CXX_LANGUAGE_STANDARD = "gnu++14";
				CLANG_CXX_LIBRARY = "libc++";
				CLANG_ENABLE_MODULES = YES;
				CLANG_ENABLE_OBJC_ARC = YES;
				CLANG_ENABLE_OBJC_WEAK = YES;
				CLANG_WARN_BLOCK_CAPTURE_AUTORELEASING = YES;
				CLANG_WARN_BOOL_CONVERSION = YES;
				CLANG_WARN_COMMA = YES;
				CLANG_WARN_CONSTANT_CONVERSION = YES;
				CLANG_WARN_DEPRECATED_OBJC_IMPLEMENTATIONS = YES;
				CLANG_WARN_DIRECT_OBJC_ISA_USAGE = YES_ERROR;
				CLANG_WARN_DOCUMENTATION_COMMENTS = YES;
				CLANG_WARN_EMPTY_BODY = YES;
				CLANG_WARN_ENUM_CONVERSION = YES;
				CLANG_WARN_INFINITE_RECURSION = YES;
				CLANG_WARN_INT_CONVERSION = YES;
				CLANG_WARN_NON_LITERAL_NULL_CONVERSION = YES;
				CLANG_WARN_OBJC_IMPLICIT_RETAIN_SELF = YES;
				CLANG_WARN_OBJC_LITERAL_CONVERSION = YES;
				CLANG_WARN_OBJC_ROOT_CLASS = YES_ERROR;
				CLANG_WARN_RANGE_LOOP_ANALYSIS = YES;
				CLANG_WARN_STRICT_PROTOTYPES = YES;
				CLANG_WARN_SUSPICIOUS_MOVE = YES;
				CLANG_WARN_UNGUARDED_AVAILABILITY = YES_AGGRESSIVE;
				CLANG_WARN_UNREACHABLE_CODE = YES;
				CLANG_WARN__DUPLICATE_METHOD_MATCH = YES;
				CODE_SIGN_IDENTITY = "iPhone Developer";
				COPY_PHASE_STRIP = NO;
				DEBUG_INFORMATION_FORMAT = dwarf;
				ENABLE_STRICT_OBJC_MSGSEND = YES;
				ENABLE_TESTABILITY = YES;
				GCC_C_LANGUAGE_STANDARD = gnu11;
				GCC_DYNAMIC_NO_PIC = NO;
				GCC_NO_COMMON_BLOCKS = YES;
				GCC_OPTIMIZATION_LEVEL = 0;
				GCC_PREPROCESSOR_DEFINITIONS = (
					"DEBUG=1",
					"$(inherited)",
				);
				GCC_WARN_64_TO_32_BIT_CONVERSION = YES;
				GCC_WARN_ABOUT_RETURN_TYPE = YES_ERROR;
				GCC_WARN_UNDECLARED_SELECTOR = YES;
				GCC_WARN_UNINITIALIZED_AUTOS = YES_AGGRESSIVE;
				GCC_WARN_UNUSED_FUNCTION = YES;
				GCC_WARN_UNUSED_VARIABLE = YES;
				IPHONEOS_DEPLOYMENT_TARGET = 11.4;
				MTL_ENABLE_DEBUG_INFO = YES;
				ONLY_ACTIVE_ARCH = YES;
				SDKROOT = iphoneos;
				SWIFT_ACTIVE_COMPILATION_CONDITIONS = DEBUG;
				SWIFT_OPTIMIZATION_LEVEL = "-Onone";
			};
			name = Debug;
		};
		612DBB10214F3FBD00FC1771 /* Release */ = {
			isa = XCBuildConfiguration;
			buildSettings = {
				ALWAYS_SEARCH_USER_PATHS = NO;
				CLANG_ANALYZER_NONNULL = YES;
				CLANG_ANALYZER_NUMBER_OBJECT_CONVERSION = YES_AGGRESSIVE;
				CLANG_CXX_LANGUAGE_STANDARD = "gnu++14";
				CLANG_CXX_LIBRARY = "libc++";
				CLANG_ENABLE_MODULES = YES;
				CLANG_ENABLE_OBJC_ARC = YES;
				CLANG_ENABLE_OBJC_WEAK = YES;
				CLANG_WARN_BLOCK_CAPTURE_AUTORELEASING = YES;
				CLANG_WARN_BOOL_CONVERSION = YES;
				CLANG_WARN_COMMA = YES;
				CLANG_WARN_CONSTANT_CONVERSION = YES;
				CLANG_WARN_DEPRECATED_OBJC_IMPLEMENTATIONS = YES;
				CLANG_WARN_DIRECT_OBJC_ISA_USAGE = YES_ERROR;
				CLANG_WARN_DOCUMENTATION_COMMENTS = YES;
				CLANG_WARN_EMPTY_BODY = YES;
				CLANG_WARN_ENUM_CONVERSION = YES;
				CLANG_WARN_INFINITE_RECURSION = YES;
				CLANG_WARN_INT_CONVERSION = YES;
				CLANG_WARN_NON_LITERAL_NULL_CONVERSION = YES;
				CLANG_WARN_OBJC_IMPLICIT_RETAIN_SELF = YES;
				CLANG_WARN_OBJC_LITERAL_CONVERSION = YES;
				CLANG_WARN_OBJC_ROOT_CLASS = YES_ERROR;
				CLANG_WARN_RANGE_LOOP_ANALYSIS = YES;
				CLANG_WARN_STRICT_PROTOTYPES = YES;
				CLANG_WARN_SUSPICIOUS_MOVE = YES;
				CLANG_WARN_UNGUARDED_AVAILABILITY = YES_AGGRESSIVE;
				CLANG_WARN_UNREACHABLE_CODE = YES;
				CLANG_WARN__DUPLICATE_METHOD_MATCH = YES;
				CODE_SIGN_IDENTITY = "iPhone Developer";
				COPY_PHASE_STRIP = NO;
				DEBUG_INFORMATION_FORMAT = "dwarf-with-dsym";
				ENABLE_NS_ASSERTIONS = NO;
				ENABLE_STRICT_OBJC_MSGSEND = YES;
				GCC_C_LANGUAGE_STANDARD = gnu11;
				GCC_NO_COMMON_BLOCKS = YES;
				GCC_WARN_64_TO_32_BIT_CONVERSION = YES;
				GCC_WARN_ABOUT_RETURN_TYPE = YES_ERROR;
				GCC_WARN_UNDECLARED_SELECTOR = YES;
				GCC_WARN_UNINITIALIZED_AUTOS = YES_AGGRESSIVE;
				GCC_WARN_UNUSED_FUNCTION = YES;
				GCC_WARN_UNUSED_VARIABLE = YES;
				IPHONEOS_DEPLOYMENT_TARGET = 11.4;
				MTL_ENABLE_DEBUG_INFO = NO;
				SDKROOT = iphoneos;
				SWIFT_COMPILATION_MODE = wholemodule;
				SWIFT_OPTIMIZATION_LEVEL = "-O";
				VALIDATE_PRODUCT = YES;
			};
			name = Release;
		};
		612DBB12214F3FBD00FC1771 /* Debug */ = {
			isa = XCBuildConfiguration;
			buildSettings = {
				ASSETCATALOG_COMPILER_APPICON_NAME = AppIcon;
				CODE_SIGN_STYLE = Automatic;
				DEVELOPMENT_TEAM = V4WZH33K2D;
				INFOPLIST_FILE = TableCells/Info.plist;
				LD_RUNPATH_SEARCH_PATHS = (
					"$(inherited)",
					"@executable_path/Frameworks",
				);
				PRODUCT_BUNDLE_IDENTIFIER = com.ohaoba.TableCells;
				PRODUCT_NAME = "$(TARGET_NAME)";
				SWIFT_VERSION = 4.0;
				TARGETED_DEVICE_FAMILY = "1,2";
			};
			name = Debug;
		};
		612DBB13214F3FBD00FC1771 /* Release */ = {
			isa = XCBuildConfiguration;
			buildSettings = {
				ASSETCATALOG_COMPILER_APPICON_NAME = AppIcon;
				CODE_SIGN_STYLE = Automatic;
				DEVELOPMENT_TEAM = V4WZH33K2D;
				INFOPLIST_FILE = TableCells/Info.plist;
				LD_RUNPATH_SEARCH_PATHS = (
					"$(inherited)",
					"@executable_path/Frameworks",
				);
				PRODUCT_BUNDLE_IDENTIFIER = com.ohaoba.TableCells;
				PRODUCT_NAME = "$(TARGET_NAME)";
				SWIFT_VERSION = 4.0;
				TARGETED_DEVICE_FAMILY = "1,2";
			};
			name = Release;
		};
/* End XCBuildConfiguration section */

/* Begin XCConfigurationList section */
		612DBAFA214F3FB800FC1771 /* Build configuration list for PBXProject "TableCells" */ = {
			isa = XCConfigurationList;
			buildConfigurations = (
				612DBB0F214F3FBD00FC1771 /* Debug */,
				612DBB10214F3FBD00FC1771 /* Release */,
			);
			defaultConfigurationIsVisible = 0;
			defaultConfigurationName = Release;
		};
		612DBB11214F3FBD00FC1771 /* Build configuration list for PBXNativeTarget "TableCells" */ = {
			isa = XCConfigurationList;
			buildConfigurations = (
				612DBB12214F3FBD00FC1771 /* Debug */,
				612DBB13214F3FBD00FC1771 /* Release */,
			);
			defaultConfigurationIsVisible = 0;
			defaultConfigurationName = Release;
		};
/* End XCConfigurationList section */
	};
	rootObject = 612DBAF7214F3FB800FC1771 /* Project object */;
}
